
Microsoft Visual Studio Solution File, Format Version 12.00
# Visual Studio Version 17
VisualStudioVersion = 17.5.33516.290
MinimumVisualStudioVersion = 10.0.40219.1
Project("{FAE04EC0-301F-11D3-BF4B-00C04F79EFBC}") = "UserLogin", "UserLogin\UserLogin.csproj", "{926BFA48-E0C8-4F6A-B083-2D304DF6DD61}"
EndProject
Project("{FAE04EC0-301F-11D3-BF4B-00C04F79EFBC}") = "StudentInfoSystem", "StudentInfoSystem\StudentInfoSystem.csproj", "{BB29AB88-8143-4F39-B0EE-3C44424FC4D9}"
EndProject
Project("{FAE04EC0-301F-11D3-BF4B-00C04F79EFBC}") = "WPFhello", "WPFhello\WPFhello.csproj", "{BE994FB8-BC27-40CC-96F2-1B54D085899E}"
EndProject
Project("{FAE04EC0-301F-11D3-BF4B-00C04F79EFBC}") = "ExpenseIt", "Expenselt\ExpenseIt.csproj", "{AF46DC2A-EBF0-4C40-989E-70EF3542ACA9}"
EndProject
Project("{2150E333-8FDC-42A3-9474-1A3956D46DE8}") = "Solution Items", "Solution Items", "{B40DE3FA-3C74-42C8-B298-4D217B96252C}"
EndProject
Global
	GlobalSection(SolutionConfigurationPlatforms) = preSolution
		Debug|Any CPU = Debug|Any CPU
		Release|Any CPU = Release|Any CPU
	EndGlobalSection
	GlobalSection(ProjectConfigurationPlatforms) = postSolution
		{926BFA48-E0C8-4F6A-B083-2D304DF6DD61}.Debug|Any CPU.ActiveCfg = Debug|Any CPU
		{926BFA48-E0C8-4F6A-B083-2D304DF6DD61}.Debug|Any CPU.Build.0 = Debug|Any CPU
		{926BFA48-E0C8-4F6A-B083-2D304DF6DD61}.Release|Any CPU.ActiveCfg = Release|Any CPU
		{926BFA48-E0C8-4F6A-B083-2D304DF6DD61}.Release|Any CPU.Build.0 = Release|Any CPU
		{BB29AB88-8143-4F39-B0EE-3C44424FC4D9}.Debug|Any CPU.ActiveCfg = Debug|Any CPU
		{BB29AB88-8143-4F39-B0EE-3C44424FC4D9}.Debug|Any CPU.Build.0 = Debug|Any CPU
		{BB29AB88-8143-4F39-B0EE-3C44424FC4D9}.Release|Any CPU.ActiveCfg = Release|Any CPU
		{BB29AB88-8143-4F39-B0EE-3C44424FC4D9}.Release|Any CPU.Build.0 = Release|Any CPU
		{BE994FB8-BC27-40CC-96F2-1B54D085899E}.Debug|Any CPU.ActiveCfg = Debug|Any CPU
		{BE994FB8-BC27-40CC-96F2-1B54D085899E}.Debug|Any CPU.Build.0 = Debug|Any CPU
		{BE994FB8-BC27-40CC-96F2-1B54D085899E}.Release|Any CPU.ActiveCfg = Release|Any CPU
		{BE994FB8-BC27-40CC-96F2-1B54D085899E}.Release|Any CPU.Build.0 = Release|Any CPU
		{AF46DC2A-EBF0-4C40-989E-70EF3542ACA9}.Debug|Any CPU.ActiveCfg = Debug|Any CPU
		{AF46DC2A-EBF0-4C40-989E-70EF3542ACA9}.Debug|Any CPU.Build.0 = Debug|Any CPU
		{AF46DC2A-EBF0-4C40-989E-70EF3542ACA9}.Release|Any CPU.ActiveCfg = Release|Any CPU
		{AF46DC2A-EBF0-4C40-989E-70EF3542ACA9}.Release|Any CPU.Build.0 = Release|Any CPU
	EndGlobalSection
	GlobalSection(SolutionProperties) = preSolution
		HideSolutionNode = FALSE
	EndGlobalSection
	GlobalSection(ExtensibilityGlobals) = postSolution
		SolutionGuid = {3BF5B9C3-A611-41DF-890D-2016EAE07BB9}
	EndGlobalSection
EndGlobal
